
Microsoft Visual Studio Solution File, Format Version 12.00
# Visual Studio 14
VisualStudioVersion = 14.0.25123.0
MinimumVisualStudioVersion = 10.0.40219.1
Project("{FAE04EC0-301F-11D3-BF4B-00C04F79EFBC}") = "L", "L\L.csproj", "{CD24BCEC-5A94-4524-B1D3-0537C66B0761}"
EndProject
Project("{FAE04EC0-301F-11D3-BF4B-00C04F79EFBC}") = "L Tests", "L Tests\L Tests.csproj", "{6E8ABAEB-988F-4F7A-98FD-FBA532DE0592}"
EndProject
Project("{2150E333-8FDC-42A3-9474-1A3956D46DE8}") = "Solution Items", "Solution Items", "{B2E650EA-6E57-4294-BD7B-5C6B36662506}"
	ProjectSection(SolutionItems) = preProject
		WebEssentials-Settings.json = WebEssentials-Settings.json
	EndProjectSection
EndProject
Project("{FAE04EC0-301F-11D3-BF4B-00C04F79EFBC}") = "Singularity", "Singularity\Singularity.csproj", "{838E5C49-0D76-474E-BD5F-C98ADC929C58}"
EndProject
Project("{FAE04EC0-301F-11D3-BF4B-00C04F79EFBC}") = "SingularityInstanceClasses", "SingularityInstanceClasses\SingularityInstanceClasses.csproj", "{54AFD7DE-5ED0-400B-BEE6-732E59188921}"
EndProject
Project("{FAE04EC0-301F-11D3-BF4B-00C04F79EFBC}") = "SingularityInstance", "SingularityInstance\SingularityInstance.csproj", "{F5EF9C65-249E-485A-A1A6-01B7F74C7271}"
EndProject
Project("{FAE04EC0-301F-11D3-BF4B-00C04F79EFBC}") = "L Utilities", "L Utilities\L Utilities.csproj", "{D586B389-6BF3-47F0-BFD6-49A0CE6ACD67}"
EndProject
Project("{FAE04EC0-301F-11D3-BF4B-00C04F79EFBC}") = "L Tool", "L Tool\L Tool.csproj", "{AAF6A879-D50E-4171-BB05-95C4D4FABDE8}"
EndProject
Global
	GlobalSection(SolutionConfigurationPlatforms) = preSolution
		Debug|Any CPU = Debug|Any CPU
		Debug|Mixed Platforms = Debug|Mixed Platforms
		Debug|x86 = Debug|x86
		Debug-DeployLive|Any CPU = Debug-DeployLive|Any CPU
		Debug-DeployLive|Mixed Platforms = Debug-DeployLive|Mixed Platforms
		Debug-DeployLive|x86 = Debug-DeployLive|x86
		Release|Any CPU = Release|Any CPU
		Release|Mixed Platforms = Release|Mixed Platforms
		Release|x86 = Release|x86
		Rosie|Any CPU = Rosie|Any CPU
		Rosie|Mixed Platforms = Rosie|Mixed Platforms
		Rosie|x86 = Rosie|x86
	EndGlobalSection
	GlobalSection(ProjectConfigurationPlatforms) = postSolution
		{CD24BCEC-5A94-4524-B1D3-0537C66B0761}.Debug|Any CPU.ActiveCfg = Debug|Any CPU
		{CD24BCEC-5A94-4524-B1D3-0537C66B0761}.Debug|Any CPU.Build.0 = Debug|Any CPU
		{CD24BCEC-5A94-4524-B1D3-0537C66B0761}.Debug|Mixed Platforms.ActiveCfg = Debug|Any CPU
		{CD24BCEC-5A94-4524-B1D3-0537C66B0761}.Debug|Mixed Platforms.Build.0 = Debug|Any CPU
		{CD24BCEC-5A94-4524-B1D3-0537C66B0761}.Debug|x86.ActiveCfg = Debug|Any CPU
		{CD24BCEC-5A94-4524-B1D3-0537C66B0761}.Debug-DeployLive|Any CPU.ActiveCfg = Debug|Any CPU
		{CD24BCEC-5A94-4524-B1D3-0537C66B0761}.Debug-DeployLive|Any CPU.Build.0 = Debug|Any CPU
		{CD24BCEC-5A94-4524-B1D3-0537C66B0761}.Debug-DeployLive|Mixed Platforms.ActiveCfg = Debug|Any CPU
		{CD24BCEC-5A94-4524-B1D3-0537C66B0761}.Debug-DeployLive|Mixed Platforms.Build.0 = Debug|Any CPU
		{CD24BCEC-5A94-4524-B1D3-0537C66B0761}.Debug-DeployLive|x86.ActiveCfg = Debug|Any CPU
		{CD24BCEC-5A94-4524-B1D3-0537C66B0761}.Release|Any CPU.ActiveCfg = Release|Any CPU
		{CD24BCEC-5A94-4524-B1D3-0537C66B0761}.Release|Any CPU.Build.0 = Release|Any CPU
		{CD24BCEC-5A94-4524-B1D3-0537C66B0761}.Release|Mixed Platforms.ActiveCfg = Release|Any CPU
		{CD24BCEC-5A94-4524-B1D3-0537C66B0761}.Release|Mixed Platforms.Build.0 = Release|Any CPU
		{CD24BCEC-5A94-4524-B1D3-0537C66B0761}.Release|x86.ActiveCfg = Release|Any CPU
		{CD24BCEC-5A94-4524-B1D3-0537C66B0761}.Rosie|Any CPU.ActiveCfg = Rosie|Any CPU
		{CD24BCEC-5A94-4524-B1D3-0537C66B0761}.Rosie|Any CPU.Build.0 = Rosie|Any CPU
		{CD24BCEC-5A94-4524-B1D3-0537C66B0761}.Rosie|Mixed Platforms.ActiveCfg = Rosie|Any CPU
		{CD24BCEC-5A94-4524-B1D3-0537C66B0761}.Rosie|Mixed Platforms.Build.0 = Rosie|Any CPU
		{CD24BCEC-5A94-4524-B1D3-0537C66B0761}.Rosie|x86.ActiveCfg = Rosie|Any CPU
		{6E8ABAEB-988F-4F7A-98FD-FBA532DE0592}.Debug|Any CPU.ActiveCfg = Debug|Any CPU
		{6E8ABAEB-988F-4F7A-98FD-FBA532DE0592}.Debug|Any CPU.Build.0 = Debug|Any CPU
		{6E8ABAEB-988F-4F7A-98FD-FBA532DE0592}.Debug|Mixed Platforms.ActiveCfg = Debug|Any CPU
		{6E8ABAEB-988F-4F7A-98FD-FBA532DE0592}.Debug|Mixed Platforms.Build.0 = Debug|Any CPU
		{6E8ABAEB-988F-4F7A-98FD-FBA532DE0592}.Debug|x86.ActiveCfg = Debug|Any CPU
		{6E8ABAEB-988F-4F7A-98FD-FBA532DE0592}.Debug-DeployLive|Any CPU.ActiveCfg = Debug-DeployLive|Any CPU
		{6E8ABAEB-988F-4F7A-98FD-FBA532DE0592}.Debug-DeployLive|Any CPU.Build.0 = Debug-DeployLive|Any CPU
		{6E8ABAEB-988F-4F7A-98FD-FBA532DE0592}.Debug-DeployLive|Mixed Platforms.ActiveCfg = Debug-DeployLive|Any CPU
		{6E8ABAEB-988F-4F7A-98FD-FBA532DE0592}.Debug-DeployLive|Mixed Platforms.Build.0 = Debug-DeployLive|Any CPU
		{6E8ABAEB-988F-4F7A-98FD-FBA532DE0592}.Debug-DeployLive|x86.ActiveCfg = Debug-DeployLive|Any CPU
		{6E8ABAEB-988F-4F7A-98FD-FBA532DE0592}.Release|Any CPU.ActiveCfg = Release|Any CPU
		{6E8ABAEB-988F-4F7A-98FD-FBA532DE0592}.Release|Any CPU.Build.0 = Release|Any CPU
		{6E8ABAEB-988F-4F7A-98FD-FBA532DE0592}.Release|Mixed Platforms.ActiveCfg = Release|Any CPU
		{6E8ABAEB-988F-4F7A-98FD-FBA532DE0592}.Release|Mixed Platforms.Build.0 = Release|Any CPU
		{6E8ABAEB-988F-4F7A-98FD-FBA532DE0592}.Release|x86.ActiveCfg = Release|Any CPU
		{6E8ABAEB-988F-4F7A-98FD-FBA532DE0592}.Rosie|Any CPU.ActiveCfg = Release|Any CPU
		{6E8ABAEB-988F-4F7A-98FD-FBA532DE0592}.Rosie|Any CPU.Build.0 = Release|Any CPU
		{6E8ABAEB-988F-4F7A-98FD-FBA532DE0592}.Rosie|Mixed Platforms.ActiveCfg = Release|Any CPU
		{6E8ABAEB-988F-4F7A-98FD-FBA532DE0592}.Rosie|Mixed Platforms.Build.0 = Release|Any CPU
		{6E8ABAEB-988F-4F7A-98FD-FBA532DE0592}.Rosie|x86.ActiveCfg = Release|Any CPU
		{838E5C49-0D76-474E-BD5F-C98ADC929C58}.Debug|Any CPU.ActiveCfg = Debug|Any CPU
		{838E5C49-0D76-474E-BD5F-C98ADC929C58}.Debug|Any CPU.Build.0 = Debug|Any CPU
		{838E5C49-0D76-474E-BD5F-C98ADC929C58}.Debug|Mixed Platforms.ActiveCfg = Debug|Any CPU
		{838E5C49-0D76-474E-BD5F-C98ADC929C58}.Debug|Mixed Platforms.Build.0 = Debug|Any CPU
		{838E5C49-0D76-474E-BD5F-C98ADC929C58}.Debug|x86.ActiveCfg = Debug|Any CPU
		{838E5C49-0D76-474E-BD5F-C98ADC929C58}.Debug-DeployLive|Any CPU.ActiveCfg = Debug|Any CPU
		{838E5C49-0D76-474E-BD5F-C98ADC929C58}.Debug-DeployLive|Any CPU.Build.0 = Debug|Any CPU
		{838E5C49-0D76-474E-BD5F-C98ADC929C58}.Debug-DeployLive|Mixed Platforms.ActiveCfg = Debug|Any CPU
		{838E5C49-0D76-474E-BD5F-C98ADC929C58}.Debug-DeployLive|Mixed Platforms.Build.0 = Debug|Any CPU
		{838E5C49-0D76-474E-BD5F-C98ADC929C58}.Debug-DeployLive|x86.ActiveCfg = Debug|Any CPU
		{838E5C49-0D76-474E-BD5F-C98ADC929C58}.Release|Any CPU.ActiveCfg = Release|Any CPU
		{838E5C49-0D76-474E-BD5F-C98ADC929C58}.Release|Any CPU.Build.0 = Release|Any CPU
		{838E5C49-0D76-474E-BD5F-C98ADC929C58}.Release|Mixed Platforms.ActiveCfg = Release|Any CPU
		{838E5C49-0D76-474E-BD5F-C98ADC929C58}.Release|Mixed Platforms.Build.0 = Release|Any CPU
		{838E5C49-0D76-474E-BD5F-C98ADC929C58}.Release|x86.ActiveCfg = Release|Any CPU
		{838E5C49-0D76-474E-BD5F-C98ADC929C58}.Rosie|Any CPU.ActiveCfg = Release|Any CPU
		{838E5C49-0D76-474E-BD5F-C98ADC929C58}.Rosie|Any CPU.Build.0 = Release|Any CPU
		{838E5C49-0D76-474E-BD5F-C98ADC929C58}.Rosie|Mixed Platforms.ActiveCfg = Release|Any CPU
		{838E5C49-0D76-474E-BD5F-C98ADC929C58}.Rosie|Mixed Platforms.Build.0 = Release|Any CPU
		{838E5C49-0D76-474E-BD5F-C98ADC929C58}.Rosie|x86.ActiveCfg = Release|Any CPU
		{54AFD7DE-5ED0-400B-BEE6-732E59188921}.Debug|Any CPU.ActiveCfg = Debug|Any CPU
		{54AFD7DE-5ED0-400B-BEE6-732E59188921}.Debug|Any CPU.Build.0 = Debug|Any CPU
		{54AFD7DE-5ED0-400B-BEE6-732E59188921}.Debug|Mixed Platforms.ActiveCfg = Debug|Any CPU
		{54AFD7DE-5ED0-400B-BEE6-732E59188921}.Debug|x86.ActiveCfg = Debug|Any CPU
		{54AFD7DE-5ED0-400B-BEE6-732E59188921}.Debug|x86.Build.0 = Debug|Any CPU
		{54AFD7DE-5ED0-400B-BEE6-732E59188921}.Debug-DeployLive|Any CPU.ActiveCfg = Debug|Any CPU
		{54AFD7DE-5ED0-400B-BEE6-732E59188921}.Debug-DeployLive|Any CPU.Build.0 = Debug|Any CPU
		{54AFD7DE-5ED0-400B-BEE6-732E59188921}.Debug-DeployLive|Mixed Platforms.ActiveCfg = Debug|Any CPU
		{54AFD7DE-5ED0-400B-BEE6-732E59188921}.Debug-DeployLive|Mixed Platforms.Build.0 = Debug|Any CPU
		{54AFD7DE-5ED0-400B-BEE6-732E59188921}.Debug-DeployLive|x86.ActiveCfg = Debug|Any CPU
		{54AFD7DE-5ED0-400B-BEE6-732E59188921}.Debug-DeployLive|x86.Build.0 = Debug|Any CPU
		{54AFD7DE-5ED0-400B-BEE6-732E59188921}.Release|Any CPU.ActiveCfg = Release|Any CPU
		{54AFD7DE-5ED0-400B-BEE6-732E59188921}.Release|Any CPU.Build.0 = Release|Any CPU
		{54AFD7DE-5ED0-400B-BEE6-732E59188921}.Release|Mixed Platforms.ActiveCfg = Release|Any CPU
		{54AFD7DE-5ED0-400B-BEE6-732E59188921}.Release|Mixed Platforms.Build.0 = Release|Any CPU
		{54AFD7DE-5ED0-400B-BEE6-732E59188921}.Release|x86.ActiveCfg = Release|Any CPU
		{54AFD7DE-5ED0-400B-BEE6-732E59188921}.Release|x86.Build.0 = Release|Any CPU
		{54AFD7DE-5ED0-400B-BEE6-732E59188921}.Rosie|Any CPU.ActiveCfg = Release|Any CPU
		{54AFD7DE-5ED0-400B-BEE6-732E59188921}.Rosie|Any CPU.Build.0 = Release|Any CPU
		{54AFD7DE-5ED0-400B-BEE6-732E59188921}.Rosie|Mixed Platforms.ActiveCfg = Release|Any CPU
		{54AFD7DE-5ED0-400B-BEE6-732E59188921}.Rosie|Mixed Platforms.Build.0 = Release|Any CPU
		{54AFD7DE-5ED0-400B-BEE6-732E59188921}.Rosie|x86.ActiveCfg = Release|Any CPU
		{54AFD7DE-5ED0-400B-BEE6-732E59188921}.Rosie|x86.Build.0 = Release|Any CPU
		{F5EF9C65-249E-485A-A1A6-01B7F74C7271}.Debug|Any CPU.ActiveCfg = Debug|Any CPU
		{F5EF9C65-249E-485A-A1A6-01B7F74C7271}.Debug|Any CPU.Build.0 = Debug|Any CPU
		{F5EF9C65-249E-485A-A1A6-01B7F74C7271}.Debug|Mixed Platforms.ActiveCfg = Debug|Any CPU
		{F5EF9C65-249E-485A-A1A6-01B7F74C7271}.Debug|x86.ActiveCfg = Debug|Any CPU
		{F5EF9C65-249E-485A-A1A6-01B7F74C7271}.Debug|x86.Build.0 = Debug|Any CPU
		{F5EF9C65-249E-485A-A1A6-01B7F74C7271}.Debug-DeployLive|Any CPU.ActiveCfg = Debug|Any CPU
		{F5EF9C65-249E-485A-A1A6-01B7F74C7271}.Debug-DeployLive|Any CPU.Build.0 = Debug|Any CPU
		{F5EF9C65-249E-485A-A1A6-01B7F74C7271}.Debug-DeployLive|Mixed Platforms.ActiveCfg = Debug|Any CPU
		{F5EF9C65-249E-485A-A1A6-01B7F74C7271}.Debug-DeployLive|Mixed Platforms.Build.0 = Debug|Any CPU
		{F5EF9C65-249E-485A-A1A6-01B7F74C7271}.Debug-DeployLive|x86.ActiveCfg = Debug|Any CPU
		{F5EF9C65-249E-485A-A1A6-01B7F74C7271}.Debug-DeployLive|x86.Build.0 = Debug|Any CPU
		{F5EF9C65-249E-485A-A1A6-01B7F74C7271}.Release|Any CPU.ActiveCfg = Release|Any CPU
		{F5EF9C65-249E-485A-A1A6-01B7F74C7271}.Release|Any CPU.Build.0 = Release|Any CPU
		{F5EF9C65-249E-485A-A1A6-01B7F74C7271}.Release|Mixed Platforms.ActiveCfg = Release|Any CPU
		{F5EF9C65-249E-485A-A1A6-01B7F74C7271}.Release|Mixed Platforms.Build.0 = Release|Any CPU
		{F5EF9C65-249E-485A-A1A6-01B7F74C7271}.Release|x86.ActiveCfg = Release|Any CPU
		{F5EF9C65-249E-485A-A1A6-01B7F74C7271}.Release|x86.Build.0 = Release|Any CPU
		{F5EF9C65-249E-485A-A1A6-01B7F74C7271}.Rosie|Any CPU.ActiveCfg = Release|Any CPU
		{F5EF9C65-249E-485A-A1A6-01B7F74C7271}.Rosie|Any CPU.Build.0 = Release|Any CPU
		{F5EF9C65-249E-485A-A1A6-01B7F74C7271}.Rosie|Mixed Platforms.ActiveCfg = Release|Any CPU
		{F5EF9C65-249E-485A-A1A6-01B7F74C7271}.Rosie|Mixed Platforms.Build.0 = Release|Any CPU
		{F5EF9C65-249E-485A-A1A6-01B7F74C7271}.Rosie|x86.ActiveCfg = Release|Any CPU
		{F5EF9C65-249E-485A-A1A6-01B7F74C7271}.Rosie|x86.Build.0 = Release|Any CPU
		{D586B389-6BF3-47F0-BFD6-49A0CE6ACD67}.Debug|Any CPU.ActiveCfg = Debug|Any CPU
		{D586B389-6BF3-47F0-BFD6-49A0CE6ACD67}.Debug|Any CPU.Build.0 = Debug|Any CPU
		{D586B389-6BF3-47F0-BFD6-49A0CE6ACD67}.Debug|Mixed Platforms.ActiveCfg = Debug|Any CPU
		{D586B389-6BF3-47F0-BFD6-49A0CE6ACD67}.Debug|Mixed Platforms.Build.0 = Debug|Any CPU
		{D586B389-6BF3-47F0-BFD6-49A0CE6ACD67}.Debug|x86.ActiveCfg = Debug|Any CPU
		{D586B389-6BF3-47F0-BFD6-49A0CE6ACD67}.Debug|x86.Build.0 = Debug|Any CPU
		{D586B389-6BF3-47F0-BFD6-49A0CE6ACD67}.Debug-DeployLive|Any CPU.ActiveCfg = Debug|Any CPU
		{D586B389-6BF3-47F0-BFD6-49A0CE6ACD67}.Debug-DeployLive|Any CPU.Build.0 = Debug|Any CPU
		{D586B389-6BF3-47F0-BFD6-49A0CE6ACD67}.Debug-DeployLive|Mixed Platforms.ActiveCfg = Debug|Any CPU
		{D586B389-6BF3-47F0-BFD6-49A0CE6ACD67}.Debug-DeployLive|Mixed Platforms.Build.0 = Debug|Any CPU
		{D586B389-6BF3-47F0-BFD6-49A0CE6ACD67}.Debug-DeployLive|x86.ActiveCfg = Debug|Any CPU
		{D586B389-6BF3-47F0-BFD6-49A0CE6ACD67}.Debug-DeployLive|x86.Build.0 = Debug|Any CPU
		{D586B389-6BF3-47F0-BFD6-49A0CE6ACD67}.Release|Any CPU.ActiveCfg = Release|Any CPU
		{D586B389-6BF3-47F0-BFD6-49A0CE6ACD67}.Release|Any CPU.Build.0 = Release|Any CPU
		{D586B389-6BF3-47F0-BFD6-49A0CE6ACD67}.Release|Mixed Platforms.ActiveCfg = Release|Any CPU
		{D586B389-6BF3-47F0-BFD6-49A0CE6ACD67}.Release|Mixed Platforms.Build.0 = Release|Any CPU
		{D586B389-6BF3-47F0-BFD6-49A0CE6ACD67}.Release|x86.ActiveCfg = Release|Any CPU
		{D586B389-6BF3-47F0-BFD6-49A0CE6ACD67}.Release|x86.Build.0 = Release|Any CPU
		{D586B389-6BF3-47F0-BFD6-49A0CE6ACD67}.Rosie|Any CPU.ActiveCfg = Release|Any CPU
		{D586B389-6BF3-47F0-BFD6-49A0CE6ACD67}.Rosie|Any CPU.Build.0 = Release|Any CPU
		{D586B389-6BF3-47F0-BFD6-49A0CE6ACD67}.Rosie|Mixed Platforms.ActiveCfg = Release|Any CPU
		{D586B389-6BF3-47F0-BFD6-49A0CE6ACD67}.Rosie|Mixed Platforms.Build.0 = Release|Any CPU
		{D586B389-6BF3-47F0-BFD6-49A0CE6ACD67}.Rosie|x86.ActiveCfg = Release|Any CPU
		{D586B389-6BF3-47F0-BFD6-49A0CE6ACD67}.Rosie|x86.Build.0 = Release|Any CPU
		{AAF6A879-D50E-4171-BB05-95C4D4FABDE8}.Debug|Any CPU.ActiveCfg = Debug|x86
		{AAF6A879-D50E-4171-BB05-95C4D4FABDE8}.Debug|Mixed Platforms.ActiveCfg = Debug|x86
		{AAF6A879-D50E-4171-BB05-95C4D4FABDE8}.Debug|Mixed Platforms.Build.0 = Debug|x86
		{AAF6A879-D50E-4171-BB05-95C4D4FABDE8}.Debug|x86.ActiveCfg = Debug|x86
		{AAF6A879-D50E-4171-BB05-95C4D4FABDE8}.Debug|x86.Build.0 = Debug|x86
		{AAF6A879-D50E-4171-BB05-95C4D4FABDE8}.Debug-DeployLive|Any CPU.ActiveCfg = Debug-DeployLive|x86
		{AAF6A879-D50E-4171-BB05-95C4D4FABDE8}.Debug-DeployLive|Mixed Platforms.ActiveCfg = Debug-DeployLive|x86
		{AAF6A879-D50E-4171-BB05-95C4D4FABDE8}.Debug-DeployLive|Mixed Platforms.Build.0 = Debug-DeployLive|x86
		{AAF6A879-D50E-4171-BB05-95C4D4FABDE8}.Debug-DeployLive|x86.ActiveCfg = Debug-DeployLive|x86
		{AAF6A879-D50E-4171-BB05-95C4D4FABDE8}.Debug-DeployLive|x86.Build.0 = Debug-DeployLive|x86
		{AAF6A879-D50E-4171-BB05-95C4D4FABDE8}.Release|Any CPU.ActiveCfg = Release|x86
		{AAF6A879-D50E-4171-BB05-95C4D4FABDE8}.Release|Mixed Platforms.ActiveCfg = Release|x86
		{AAF6A879-D50E-4171-BB05-95C4D4FABDE8}.Release|Mixed Platforms.Build.0 = Release|x86
		{AAF6A879-D50E-4171-BB05-95C4D4FABDE8}.Release|x86.ActiveCfg = Release|x86
		{AAF6A879-D50E-4171-BB05-95C4D4FABDE8}.Release|x86.Build.0 = Release|x86
		{AAF6A879-D50E-4171-BB05-95C4D4FABDE8}.Rosie|Any CPU.ActiveCfg = Debug-DeployLive|x86
		{AAF6A879-D50E-4171-BB05-95C4D4FABDE8}.Rosie|Any CPU.Build.0 = Debug-DeployLive|x86
		{AAF6A879-D50E-4171-BB05-95C4D4FABDE8}.Rosie|Mixed Platforms.ActiveCfg = Release|x86
		{AAF6A879-D50E-4171-BB05-95C4D4FABDE8}.Rosie|Mixed Platforms.Build.0 = Release|x86
		{AAF6A879-D50E-4171-BB05-95C4D4FABDE8}.Rosie|x86.ActiveCfg = Release|x86
		{AAF6A879-D50E-4171-BB05-95C4D4FABDE8}.Rosie|x86.Build.0 = Release|x86
	EndGlobalSection
	GlobalSection(SolutionProperties) = preSolution
		HideSolutionNode = FALSE
	EndGlobalSection
EndGlobal
